{
  "version": 4,
  "terraform_version": "1.7.4",
  "serial": 5,
  "lineage": "97a523ce-2e3e-643a-08e9-815eea89a498",
  "outputs": {},
  "resources": [
    {
      "mode": "managed",
      "type": "github_repository",
      "name": "demorepo",
      "provider": "provider[\"registry.terraform.io/integrations/github\"]",
      "instances": [
        {
          "schema_version": 1,
          "attributes": {
            "allow_auto_merge": false,
            "allow_merge_commit": true,
            "allow_rebase_merge": true,
            "allow_squash_merge": true,
            "allow_update_branch": false,
            "archive_on_destroy": null,
            "archived": false,
            "auto_init": null,
            "default_branch": "main",
            "delete_branch_on_merge": false,
            "description": "This is a demo repo created using Terraform",
            "etag": "W/\"ae9b89bfd03ad32ce80e0f8656eb687a50b8ce0a04e1c02a5e3e4c5b84962507\"",
            "full_name": "TauqeerAhmad5201/Terraform-built-GitHub",
            "git_clone_url": "git://github.com/TauqeerAhmad5201/Terraform-built-GitHub.git",
            "gitignore_template": null,
            "has_discussions": false,
            "has_downloads": false,
            "has_issues": false,
            "has_projects": false,
            "has_wiki": false,
            "homepage_url": "",
            "html_url": "https://github.com/TauqeerAhmad5201/Terraform-built-GitHub",
            "http_clone_url": "https://github.com/TauqeerAhmad5201/Terraform-built-GitHub.git",
            "id": "Terraform-built-GitHub",
            "ignore_vulnerability_alerts_during_read": null,
            "is_template": false,
            "license_template": null,
            "merge_commit_message": "PR_TITLE",
            "merge_commit_title": "MERGE_MESSAGE",
            "name": "Terraform-built-GitHub",
            "node_id": "R_kgDOLalvuA",
            "pages": [],
            "primary_language": "",
            "private": false,
            "repo_id": 766078904,
            "security_and_analysis": [
              {
                "advanced_security": [],
                "secret_scanning": [
                  {
                    "status": "disabled"
                  }
                ],
                "secret_scanning_push_protection": [
                  {
                    "status": "disabled"
                  }
                ]
              }
            ],
            "squash_merge_commit_message": "COMMIT_MESSAGES",
            "squash_merge_commit_title": "COMMIT_OR_PR_TITLE",
            "ssh_clone_url": "git@github.com:TauqeerAhmad5201/Terraform-built-GitHub.git",
            "svn_url": "https://github.com/TauqeerAhmad5201/Terraform-built-GitHub",
            "template": [],
            "topics": [],
            "visibility": "public",
            "vulnerability_alerts": false,
            "web_commit_signoff_required": false
          },
          "sensitive_attributes": [],
          "private": "eyJzY2hlbWFfdmVyc2lvbiI6IjEifQ=="
        }
      ]
    }
  ],
  "check_results": null
}
